
Microsoft Visual Studio Solution File, Format Version 12.00
# Visual Studio Version 17
VisualStudioVersion = 17.4.33213.308
MinimumVisualStudioVersion = 10.0.40219.1
Project("{FAE04EC0-301F-11D3-BF4B-00C04F79EFBC}") = "empleados.API", "empleados.API\empleados.API.csproj", "{03B57710-10E9-44EA-A929-65DF6B8ADDF7}"
EndProject
Global
	GlobalSection(SolutionConfigurationPlatforms) = preSolution
		Debug|Any CPU = Debug|Any CPU
		Release|Any CPU = Release|Any CPU
	EndGlobalSection
	GlobalSection(ProjectConfigurationPlatforms) = postSolution
		{03B57710-10E9-44EA-A929-65DF6B8ADDF7}.Debug|Any CPU.ActiveCfg = Debug|Any CPU
		{03B57710-10E9-44EA-A929-65DF6B8ADDF7}.Debug|Any CPU.Build.0 = Debug|Any CPU
		{03B57710-10E9-44EA-A929-65DF6B8ADDF7}.Release|Any CPU.ActiveCfg = Release|Any CPU
		{03B57710-10E9-44EA-A929-65DF6B8ADDF7}.Release|Any CPU.Build.0 = Release|Any CPU
	EndGlobalSection
	GlobalSection(SolutionProperties) = preSolution
		HideSolutionNode = FALSE
	EndGlobalSection
	GlobalSection(ExtensibilityGlobals) = postSolution
		SolutionGuid = {C04481D9-6656-42FB-9174-45364C9BFF0F}
	EndGlobalSection
EndGlobal
